
Microsoft Visual Studio Solution File, Format Version 11.00
# Visual Basic Express 2010
Project("{F184B08F-C81C-45F6-A57F-5ABD9991F28F}") = "ChocolateBar", "ChocolateBar\ChocolateBar.vbproj", "{92515ABA-FCB9-4359-8822-C625CDB7514B}"
EndProject
Global
	GlobalSection(SolutionConfigurationPlatforms) = preSolution
		Debug|x86 = Debug|x86
		Release|x86 = Release|x86
	EndGlobalSection
	GlobalSection(ProjectConfigurationPlatforms) = postSolution
		{92515ABA-FCB9-4359-8822-C625CDB7514B}.Debug|x86.ActiveCfg = Debug|x86
		{92515ABA-FCB9-4359-8822-C625CDB7514B}.Debug|x86.Build.0 = Debug|x86
		{92515ABA-FCB9-4359-8822-C625CDB7514B}.Release|x86.ActiveCfg = Release|x86
		{92515ABA-FCB9-4359-8822-C625CDB7514B}.Release|x86.Build.0 = Release|x86
	EndGlobalSection
	GlobalSection(SolutionProperties) = preSolution
		HideSolutionNode = FALSE
	EndGlobalSection
EndGlobal
