
Microsoft Visual Studio Solution File, Format Version 11.00
# Visual Basic Express 2010
Project("{F184B08F-C81C-45F6-A57F-5ABD9991F28F}") = "Simple Division", "Simple Division\Simple Division.vbproj", "{1CB628DE-364F-4355-8709-1D4F8207B542}"
EndProject
Global
	GlobalSection(SolutionConfigurationPlatforms) = preSolution
		Debug|x86 = Debug|x86
		Release|x86 = Release|x86
	EndGlobalSection
	GlobalSection(ProjectConfigurationPlatforms) = postSolution
		{1CB628DE-364F-4355-8709-1D4F8207B542}.Debug|x86.ActiveCfg = Debug|x86
		{1CB628DE-364F-4355-8709-1D4F8207B542}.Debug|x86.Build.0 = Debug|x86
		{1CB628DE-364F-4355-8709-1D4F8207B542}.Release|x86.ActiveCfg = Release|x86
		{1CB628DE-364F-4355-8709-1D4F8207B542}.Release|x86.Build.0 = Release|x86
	EndGlobalSection
	GlobalSection(SolutionProperties) = preSolution
		HideSolutionNode = FALSE
	EndGlobalSection
EndGlobal
