
Microsoft Visual Studio Solution File, Format Version 11.00
# Visual Basic Express 2010
Project("{F184B08F-C81C-45F6-A57F-5ABD9991F28F}") = "Change Text", "Change Text\Change Text.vbproj", "{3CB58593-4E76-434A-8DF0-130B60E53084}"
EndProject
Global
	GlobalSection(SolutionConfigurationPlatforms) = preSolution
		Debug|x86 = Debug|x86
		Release|x86 = Release|x86
	EndGlobalSection
	GlobalSection(ProjectConfigurationPlatforms) = postSolution
		{3CB58593-4E76-434A-8DF0-130B60E53084}.Debug|x86.ActiveCfg = Debug|x86
		{3CB58593-4E76-434A-8DF0-130B60E53084}.Debug|x86.Build.0 = Debug|x86
		{3CB58593-4E76-434A-8DF0-130B60E53084}.Release|x86.ActiveCfg = Release|x86
		{3CB58593-4E76-434A-8DF0-130B60E53084}.Release|x86.Build.0 = Release|x86
	EndGlobalSection
	GlobalSection(SolutionProperties) = preSolution
		HideSolutionNode = FALSE
	EndGlobalSection
EndGlobal
